
Microsoft Visual Studio Solution File, Format Version 12.00
# Visual Studio 15
VisualStudioVersion = 15.0.27703.2035
MinimumVisualStudioVersion = 10.0.40219.1
Project("{FAE04EC0-301F-11D3-BF4B-00C04F79EFBC}") = "WebApplication17June", "WebApplication17June\WebApplication17June.csproj", "{D8E8BBFB-B4F1-4068-9219-9E54937EA28C}"
EndProject
Global
	GlobalSection(SolutionConfigurationPlatforms) = preSolution
		Debug|Any CPU = Debug|Any CPU
		Release|Any CPU = Release|Any CPU
	EndGlobalSection
	GlobalSection(ProjectConfigurationPlatforms) = postSolution
		{D8E8BBFB-B4F1-4068-9219-9E54937EA28C}.Debug|Any CPU.ActiveCfg = Debug|Any CPU
		{D8E8BBFB-B4F1-4068-9219-9E54937EA28C}.Debug|Any CPU.Build.0 = Debug|Any CPU
		{D8E8BBFB-B4F1-4068-9219-9E54937EA28C}.Release|Any CPU.ActiveCfg = Release|Any CPU
		{D8E8BBFB-B4F1-4068-9219-9E54937EA28C}.Release|Any CPU.Build.0 = Release|Any CPU
	EndGlobalSection
	GlobalSection(SolutionProperties) = preSolution
		HideSolutionNode = FALSE
	EndGlobalSection
	GlobalSection(ExtensibilityGlobals) = postSolution
		SolutionGuid = {D1A1D02F-532D-403B-A36E-F2A15F585A71}
	EndGlobalSection
EndGlobal
